// !$*UTF8*$!
{
	archiveVersion = 1;
	classes = {
	};
	objectVersion = 50;
	objects = {

/* Begin PBXBuildFile section */
		586A730E24B1C2C20076F384 /* AppDelegate.swift in Sources */ = {isa = PBXBuildFile; fileRef = 586A730D24B1C2C20076F384 /* AppDelegate.swift */; };
		586A731024B1C2C20076F384 /* SceneDelegate.swift in Sources */ = {isa = PBXBuildFile; fileRef = 586A730F24B1C2C20076F384 /* SceneDelegate.swift */; };
		586A731224B1C2C20076F384 /* ContentView.swift in Sources */ = {isa = PBXBuildFile; fileRef = 586A731124B1C2C20076F384 /* ContentView.swift */; };
		586A731424B1C2C30076F384 /* Assets.xcassets in Resources */ = {isa = PBXBuildFile; fileRef = 586A731324B1C2C30076F384 /* Assets.xcassets */; };
		586A731724B1C2C30076F384 /* Preview Assets.xcassets in Resources */ = {isa = PBXBuildFile; fileRef = 586A731624B1C2C30076F384 /* Preview Assets.xcassets */; };
		586A731A24B1C2C30076F384 /* LaunchScreen.storyboard in Resources */ = {isa = PBXBuildFile; fileRef = 586A731824B1C2C30076F384 /* LaunchScreen.storyboard */; };
/* End PBXBuildFile section */

/* Begin PBXFileReference section */
		586A730A24B1C2C20076F384 /* Accessbility.app */ = {isa = PBXFileReference; explicitFileType = wrapper.application; includeInIndex = 0; path = Accessbility.app; sourceTree = BUILT_PRODUCTS_DIR; };
		586A730D24B1C2C20076F384 /* AppDelegate.swift */ = {isa = PBXFileReference; lastKnownFileType = sourcecode.swift; path = AppDelegate.swift; sourceTree = "<group>"; };
		586A730F24B1C2C20076F384 /* SceneDelegate.swift */ = {isa = PBXFileReference; lastKnownFileType = sourcecode.swift; path = SceneDelegate.swift; sourceTree = "<group>"; };
		586A731124B1C2C20076F384 /* ContentView.swift */ = {isa = PBXFileReference; lastKnownFileType = sourcecode.swift; path = ContentView.swift; sourceTree = "<group>"; };
		586A731324B1C2C30076F384 /* Assets.xcassets */ = {isa = PBXFileReference; lastKnownFileType = folder.assetcatalog; path = Assets.xcassets; sourceTree = "<group>"; };
		586A731624B1C2C30076F384 /* Preview Assets.xcassets */ = {isa = PBXFileReference; lastKnownFileType = folder.assetcatalog; path = "Preview Assets.xcassets"; sourceTree = "<group>"; };
		586A731924B1C2C30076F384 /* Base */ = {isa = PBXFileReference; lastKnownFileType = file.storyboard; name = Base; path = Base.lproj/LaunchScreen.storyboard; sourceTree = "<group>"; };
		586A731B24B1C2C30076F384 /* Info.plist */ = {isa = PBXFileReference; lastKnownFileType = text.plist.xml; path = Info.plist; sourceTree = "<group>"; };
/* End PBXFileReference section */

/* Begin PBXFrameworksBuildPhase section */
		586A730724B1C2C20076F384 /* Frameworks */ = {
			isa = PBXFrameworksBuildPhase;
			buildActionMask = 2147483647;
			files = (
			);
			runOnlyForDeploymentPostprocessing = 0;
		};
/* End PBXFrameworksBuildPhase section */

/* Begin PBXGroup section */
		586A730124B1C2C20076F384 = {
			isa = PBXGroup;
			children = (
				586A730C24B1C2C20076F384 /* Accessbility */,
				586A730B24B1C2C20076F384 /* Products */,
			);
			sourceTree = "<group>";
		};
		586A730B24B1C2C20076F384 /* Products */ = {
			isa = PBXGroup;
			children = (
				586A730A24B1C2C20076F384 /* Accessbility.app */,
			);
			name = Products;
			sourceTree = "<group>";
		};
		586A730C24B1C2C20076F384 /* Accessbility */ = {
			isa = PBXGroup;
			children = (
				586A730D24B1C2C20076F384 /* AppDelegate.swift */,
				586A730F24B1C2C20076F384 /* SceneDelegate.swift */,
				586A731124B1C2C20076F384 /* ContentView.swift */,
				586A731324B1C2C30076F384 /* Assets.xcassets */,
				586A731824B1C2C30076F384 /* LaunchScreen.storyboard */,
				586A731B24B1C2C30076F384 /* Info.plist */,
				586A731524B1C2C30076F384 /* Preview Content */,
			);
			path = Accessbility;
			sourceTree = "<group>";
		};
		586A731524B1C2C30076F384 /* Preview Content */ = {
			isa = PBXGroup;
			children = (
				586A731624B1C2C30076F384 /* Preview Assets.xcassets */,
			);
			path = "Preview Content";
			sourceTree = "<group>";
		};
/* End PBXGroup section */

/* Begin PBXNativeTarget section */
		586A730924B1C2C20076F384 /* Accessbility */ = {
			isa = PBXNativeTarget;
			buildConfigurationList = 586A731E24B1C2C30076F384 /* Build configuration list for PBXNativeTarget "Accessbility" */;
			buildPhases = (
				586A730624B1C2C20076F384 /* Sources */,
				586A730724B1C2C20076F384 /* Frameworks */,
				586A730824B1C2C20076F384 /* Resources */,
			);
			buildRules = (
			);
			dependencies = (
			);
			name = Accessbility;
			productName = Accessbility;
			productReference = 586A730A24B1C2C20076F384 /* Accessbility.app */;
			productType = "com.apple.product-type.application";
		};
/* End PBXNativeTarget section */

/* Begin PBXProject section */
		586A730224B1C2C20076F384 /* Project object */ = {
			isa = PBXProject;
			attributes = {
				LastSwiftUpdateCheck = 1150;
				LastUpgradeCheck = 1150;
				ORGANIZATIONNAME = Ramsey;
				TargetAttributes = {
					586A730924B1C2C20076F384 = {
						CreatedOnToolsVersion = 11.5;
					};
				};
			};
			buildConfigurationList = 586A730524B1C2C20076F384 /* Build configuration list for PBXProject "Accessbility" */;
			compatibilityVersion = "Xcode 9.3";
			developmentRegion = en;
			hasScannedForEncodings = 0;
			knownRegions = (
				en,
				Base,
			);
			mainGroup = 586A730124B1C2C20076F384;
			productRefGroup = 586A730B24B1C2C20076F384 /* Products */;
			projectDirPath = "";
			projectRoot = "";
			targets = (
				586A730924B1C2C20076F384 /* Accessbility */,
			);
		};
/* End PBXProject section */

/* Begin PBXResourcesBuildPhase section */
		586A730824B1C2C20076F384 /* Resources */ = {
			isa = PBXResourcesBuildPhase;
			buildActionMask = 2147483647;
			files = (
				586A731A24B1C2C30076F384 /* LaunchScreen.storyboard in Resources */,
				586A731724B1C2C30076F384 /* Preview Assets.xcassets in Resources */,
				586A731424B1C2C30076F384 /* Assets.xcassets in Resources */,
			);
			runOnlyForDeploymentPostprocessing = 0;
		};
/* End PBXResourcesBuildPhase section */

/* Begin PBXSourcesBuildPhase section */
		586A730624B1C2C20076F384 /* Sources */ = {
			isa = PBXSourcesBuildPhase;
			buildActionMask = 2147483647;
			files = (
				586A730E24B1C2C20076F384 /* AppDelegate.swift in Sources */,
				586A731024B1C2C20076F384 /* SceneDelegate.swift in Sources */,
				586A731224B1C2C20076F384 /* ContentView.swift in Sources */,
			);
			runOnlyForDeploymentPostprocessing = 0;
		};
/* End PBXSourcesBuildPhase section */

/* Begin PBXVariantGroup section */
		586A731824B1C2C30076F384 /* LaunchScreen.storyboard */ = {
			isa = PBXVariantGroup;
			children = (
				586A731924B1C2C30076F384 /* Base */,
			);
			name = LaunchScreen.storyboard;
			sourceTree = "<group>";
		};
/* End PBXVariantGroup section */

/* Begin XCBuildConfiguration section */
		586A731C24B1C2C30076F384 /* Debug */ = {
			isa = XCBuildConfiguration;
			buildSettings = {
				ALWAYS_SEARCH_USER_PATHS = NO;
				CLANG_ANALYZER_NONNULL = YES;
				CLANG_ANALYZER_NUMBER_OBJECT_CONVERSION = YES_AGGRESSIVE;
				CLANG_CXX_LANGUAGE_STANDARD = "gnu++14";
				CLANG_CXX_LIBRARY = "libc++";
				CLANG_ENABLE_MODULES = YES;
				CLANG_ENABLE_OBJC_ARC = YES;
				CLANG_ENABLE_OBJC_WEAK = YES;
				CLANG_WARN_BLOCK_CAPTURE_AUTORELEASING = YES;
				CLANG_WARN_BOOL_CONVERSION = YES;
				CLANG_WARN_COMMA = YES;
				CLANG_WARN_CONSTANT_CONVERSION = YES;
				CLANG_WARN_DEPRECATED_OBJC_IMPLEMENTATIONS = YES;
				CLANG_WARN_DIRECT_OBJC_ISA_USAGE = YES_ERROR;
				CLANG_WARN_DOCUMENTATION_COMMENTS = YES;
				CLANG_WARN_EMPTY_BODY = YES;
				CLANG_WARN_ENUM_CONVERSION = YES;
				CLANG_WARN_INFINITE_RECURSION = YES;
				CLANG_WARN_INT_CONVERSION = YES;
				CLANG_WARN_NON_LITERAL_NULL_CONVERSION = YES;
				CLANG_WARN_OBJC_IMPLICIT_RETAIN_SELF = YES;
				CLANG_WARN_OBJC_LITERAL_CONVERSION = YES;
				CLANG_WARN_OBJC_ROOT_CLASS = YES_ERROR;
				CLANG_WARN_RANGE_LOOP_ANALYSIS = YES;
				CLANG_WARN_STRICT_PROTOTYPES = YES;
				CLANG_WARN_SUSPICIOUS_MOVE = YES;
				CLANG_WARN_UNGUARDED_AVAILABILITY = YES_AGGRESSIVE;
				CLANG_WARN_UNREACHABLE_CODE = YES;
				CLANG_WARN__DUPLICATE_METHOD_MATCH = YES;
				COPY_PHASE_STRIP = NO;
				DEBUG_INFORMATION_FORMAT = dwarf;
				ENABLE_STRICT_OBJC_MSGSEND = YES;
				ENABLE_TESTABILITY = YES;
				GCC_C_LANGUAGE_STANDARD = gnu11;
				GCC_DYNAMIC_NO_PIC = NO;
				GCC_NO_COMMON_BLOCKS = YES;
				GCC_OPTIMIZATION_LEVEL = 0;
				GCC_PREPROCESSOR_DEFINITIONS = (
					"DEBUG=1",
					"$(inherited)",
				);
				GCC_WARN_64_TO_32_BIT_CONVERSION = YES;
				GCC_WARN_ABOUT_RETURN_TYPE = YES_ERROR;
				GCC_WARN_UNDECLARED_SELECTOR = YES;
				GCC_WARN_UNINITIALIZED_AUTOS = YES_AGGRESSIVE;
				GCC_WARN_UNUSED_FUNCTION = YES;
				GCC_WARN_UNUSED_VARIABLE = YES;
				IPHONEOS_DEPLOYMENT_TARGET = 13.5;
				MTL_ENABLE_DEBUG_INFO = INCLUDE_SOURCE;
				MTL_FAST_MATH = YES;
				ONLY_ACTIVE_ARCH = YES;
				SDKROOT = iphoneos;
				SWIFT_ACTIVE_COMPILATION_CONDITIONS = DEBUG;
				SWIFT_OPTIMIZATION_LEVEL = "-Onone";
			};
			name = Debug;
		};
		586A731D24B1C2C30076F384 /* Release */ = {
			isa = XCBuildConfiguration;
			buildSettings = {
				ALWAYS_SEARCH_USER_PATHS = NO;
				CLANG_ANALYZER_NONNULL = YES;
				CLANG_ANALYZER_NUMBER_OBJECT_CONVERSION = YES_AGGRESSIVE;
				CLANG_CXX_LANGUAGE_STANDARD = "gnu++14";
				CLANG_CXX_LIBRARY = "libc++";
				CLANG_ENABLE_MODULES = YES;
				CLANG_ENABLE_OBJC_ARC = YES;
				CLANG_ENABLE_OBJC_WEAK = YES;
				CLANG_WARN_BLOCK_CAPTURE_AUTORELEASING = YES;
				CLANG_WARN_BOOL_CONVERSION = YES;
				CLANG_WARN_COMMA = YES;
				CLANG_WARN_CONSTANT_CONVERSION = YES;
				CLANG_WARN_DEPRECATED_OBJC_IMPLEMENTATIONS = YES;
				CLANG_WARN_DIRECT_OBJC_ISA_USAGE = YES_ERROR;
				CLANG_WARN_DOCUMENTATION_COMMENTS = YES;
				CLANG_WARN_EMPTY_BODY = YES;
				CLANG_WARN_ENUM_CONVERSION = YES;
				CLANG_WARN_INFINITE_RECURSION = YES;
				CLANG_WARN_INT_CONVERSION = YES;
				CLANG_WARN_NON_LITERAL_NULL_CONVERSION = YES;
				CLANG_WARN_OBJC_IMPLICIT_RETAIN_SELF = YES;
				CLANG_WARN_OBJC_LITERAL_CONVERSION = YES;
				CLANG_WARN_OBJC_ROOT_CLASS = YES_ERROR;
				CLANG_WARN_RANGE_LOOP_ANALYSIS = YES;
				CLANG_WARN_STRICT_PROTOTYPES = YES;
				CLANG_WARN_SUSPICIOUS_MOVE = YES;
				CLANG_WARN_UNGUARDED_AVAILABILITY = YES_AGGRESSIVE;
				CLANG_WARN_UNREACHABLE_CODE = YES;
				CLANG_WARN__DUPLICATE_METHOD_MATCH = YES;
				COPY_PHASE_STRIP = NO;
				DEBUG_INFORMATION_FORMAT = "dwarf-with-dsym";
				ENABLE_NS_ASSERTIONS = NO;
				ENABLE_STRICT_OBJC_MSGSEND = YES;
				GCC_C_LANGUAGE_STANDARD = gnu11;
				GCC_NO_COMMON_BLOCKS = YES;
				GCC_WARN_64_TO_32_BIT_CONVERSION = YES;
				GCC_WARN_ABOUT_RETURN_TYPE = YES_ERROR;
				GCC_WARN_UNDECLARED_SELECTOR = YES;
				GCC_WARN_UNINITIALIZED_AUTOS = YES_AGGRESSIVE;
				GCC_WARN_UNUSED_FUNCTION = YES;
				GCC_WARN_UNUSED_VARIABLE = YES;
				IPHONEOS_DEPLOYMENT_TARGET = 13.5;
				MTL_ENABLE_DEBUG_INFO = NO;
				MTL_FAST_MATH = YES;
				SDKROOT = iphoneos;
				SWIFT_COMPILATION_MODE = wholemodule;
				SWIFT_OPTIMIZATION_LEVEL = "-O";
				VALIDATE_PRODUCT = YES;
			};
			name = Release;
		};
		586A731F24B1C2C30076F384 /* Debug */ = {
			isa = XCBuildConfiguration;
			buildSettings = {
				ASSETCATALOG_COMPILER_APPICON_NAME = AppIcon;
				CODE_SIGN_STYLE = Automatic;
				DEVELOPMENT_ASSET_PATHS = "\"Accessbility/Preview Content\"";
				DEVELOPMENT_TEAM = UD95GSGU6B;
				ENABLE_PREVIEWS = YES;
				INFOPLIST_FILE = Accessbility/Info.plist;
				LD_RUNPATH_SEARCH_PATHS = (
					"$(inherited)",
					"@executable_path/Frameworks",
				);
				PRODUCT_BUNDLE_IDENTIFIER = essex.Accessbility;
				PRODUCT_NAME = "$(TARGET_NAME)";
				SWIFT_VERSION = 5.0;
				TARGETED_DEVICE_FAMILY = "1,2";
			};
			name = Debug;
		};
		586A732024B1C2C30076F384 /* Release */ = {
			isa = XCBuildConfiguration;
			buildSettings = {
				ASSETCATALOG_COMPILER_APPICON_NAME = AppIcon;
				CODE_SIGN_STYLE = Automatic;
				DEVELOPMENT_ASSET_PATHS = "\"Accessbility/Preview Content\"";
				DEVELOPMENT_TEAM = UD95GSGU6B;
				ENABLE_PREVIEWS = YES;
				INFOPLIST_FILE = Accessbility/Info.plist;
				LD_RUNPATH_SEARCH_PATHS = (
					"$(inherited)",
					"@executable_path/Frameworks",
				);
				PRODUCT_BUNDLE_IDENTIFIER = essex.Accessbility;
				PRODUCT_NAME = "$(TARGET_NAME)";
				SWIFT_VERSION = 5.0;
				TARGETED_DEVICE_FAMILY = "1,2";
			};
			name = Release;
		};
/* End XCBuildConfiguration section */

/* Begin XCConfigurationList section */
		586A730524B1C2C20076F384 /* Build configuration list for PBXProject "Accessbility" */ = {
			isa = XCConfigurationList;
			buildConfigurations = (
				586A731C24B1C2C30076F384 /* Debug */,
				586A731D24B1C2C30076F384 /* Release */,
			);
			defaultConfigurationIsVisible = 0;
			defaultConfigurationName = Release;
		};
		586A731E24B1C2C30076F384 /* Build configuration list for PBXNativeTarget "Accessbility" */ = {
			isa = XCConfigurationList;
			buildConfigurations = (
				586A731F24B1C2C30076F384 /* Debug */,
				586A732024B1C2C30076F384 /* Release */,
			);
			defaultConfigurationIsVisible = 0;
			defaultConfigurationName = Release;
		};
/* End XCConfigurationList section */
	};
	rootObject = 586A730224B1C2C20076F384 /* Project object */;
}
