// !$*UTF8*$!
{
	archiveVersion = 1;
	classes = {
	};
	objectVersion = 50;
	objects = {

/* Begin PBXBuildFile section */
		581090FA248B2E65005F7058 /* SettingsView.swift in Sources */ = {isa = PBXBuildFile; fileRef = 581090F9248B2E65005F7058 /* SettingsView.swift */; };
		581090FD248B323E005F7058 /* Settings.swift in Sources */ = {isa = PBXBuildFile; fileRef = 581090FC248B323E005F7058 /* Settings.swift */; };
		58109100248B3EEB005F7058 /* GameView.swift in Sources */ = {isa = PBXBuildFile; fileRef = 581090FF248B3EEB005F7058 /* GameView.swift */; };
		58109102248B450C005F7058 /* Game.swift in Sources */ = {isa = PBXBuildFile; fileRef = 58109101248B450C005F7058 /* Game.swift */; };
		58109104248B4D49005F7058 /* Keyboard.swift in Sources */ = {isa = PBXBuildFile; fileRef = 58109103248B4D49005F7058 /* Keyboard.swift */; };
		58109108248B7F6A005F7058 /* NewGameButton.swift in Sources */ = {isa = PBXBuildFile; fileRef = 58109107248B7F6A005F7058 /* NewGameButton.swift */; };
		5810910A248B8961005F7058 /* GameScoreView.swift in Sources */ = {isa = PBXBuildFile; fileRef = 58109109248B8961005F7058 /* GameScoreView.swift */; };
		5810910C248B8DD8005F7058 /* ReplayButton.swift in Sources */ = {isa = PBXBuildFile; fileRef = 5810910B248B8DD8005F7058 /* ReplayButton.swift */; };
		58D6A144248932FF0069DE4A /* AppDelegate.swift in Sources */ = {isa = PBXBuildFile; fileRef = 58D6A143248932FF0069DE4A /* AppDelegate.swift */; };
		58D6A146248932FF0069DE4A /* SceneDelegate.swift in Sources */ = {isa = PBXBuildFile; fileRef = 58D6A145248932FF0069DE4A /* SceneDelegate.swift */; };
		58D6A148248932FF0069DE4A /* MainView.swift in Sources */ = {isa = PBXBuildFile; fileRef = 58D6A147248932FF0069DE4A /* MainView.swift */; };
		58D6A14A248933020069DE4A /* Assets.xcassets in Resources */ = {isa = PBXBuildFile; fileRef = 58D6A149248933020069DE4A /* Assets.xcassets */; };
		58D6A14D248933020069DE4A /* Preview Assets.xcassets in Resources */ = {isa = PBXBuildFile; fileRef = 58D6A14C248933020069DE4A /* Preview Assets.xcassets */; };
		58D6A150248933020069DE4A /* LaunchScreen.storyboard in Resources */ = {isa = PBXBuildFile; fileRef = 58D6A14E248933020069DE4A /* LaunchScreen.storyboard */; };
/* End PBXBuildFile section */

/* Begin PBXFileReference section */
		581090F9248B2E65005F7058 /* SettingsView.swift */ = {isa = PBXFileReference; lastKnownFileType = sourcecode.swift; path = SettingsView.swift; sourceTree = "<group>"; };
		581090FC248B323E005F7058 /* Settings.swift */ = {isa = PBXFileReference; lastKnownFileType = sourcecode.swift; path = Settings.swift; sourceTree = "<group>"; };
		581090FF248B3EEB005F7058 /* GameView.swift */ = {isa = PBXFileReference; lastKnownFileType = sourcecode.swift; path = GameView.swift; sourceTree = "<group>"; };
		58109101248B450C005F7058 /* Game.swift */ = {isa = PBXFileReference; lastKnownFileType = sourcecode.swift; path = Game.swift; sourceTree = "<group>"; };
		58109103248B4D49005F7058 /* Keyboard.swift */ = {isa = PBXFileReference; lastKnownFileType = sourcecode.swift; path = Keyboard.swift; sourceTree = "<group>"; };
		58109107248B7F6A005F7058 /* NewGameButton.swift */ = {isa = PBXFileReference; lastKnownFileType = sourcecode.swift; path = NewGameButton.swift; sourceTree = "<group>"; };
		58109109248B8961005F7058 /* GameScoreView.swift */ = {isa = PBXFileReference; lastKnownFileType = sourcecode.swift; path = GameScoreView.swift; sourceTree = "<group>"; };
		5810910B248B8DD8005F7058 /* ReplayButton.swift */ = {isa = PBXFileReference; lastKnownFileType = sourcecode.swift; path = ReplayButton.swift; sourceTree = "<group>"; };
		58D6A140248932FF0069DE4A /* Edutainment.app */ = {isa = PBXFileReference; explicitFileType = wrapper.application; includeInIndex = 0; path = Edutainment.app; sourceTree = BUILT_PRODUCTS_DIR; };
		58D6A143248932FF0069DE4A /* AppDelegate.swift */ = {isa = PBXFileReference; lastKnownFileType = sourcecode.swift; path = AppDelegate.swift; sourceTree = "<group>"; };
		58D6A145248932FF0069DE4A /* SceneDelegate.swift */ = {isa = PBXFileReference; lastKnownFileType = sourcecode.swift; path = SceneDelegate.swift; sourceTree = "<group>"; };
		58D6A147248932FF0069DE4A /* MainView.swift */ = {isa = PBXFileReference; lastKnownFileType = sourcecode.swift; path = MainView.swift; sourceTree = "<group>"; };
		58D6A149248933020069DE4A /* Assets.xcassets */ = {isa = PBXFileReference; lastKnownFileType = folder.assetcatalog; path = Assets.xcassets; sourceTree = "<group>"; };
		58D6A14C248933020069DE4A /* Preview Assets.xcassets */ = {isa = PBXFileReference; lastKnownFileType = folder.assetcatalog; path = "Preview Assets.xcassets"; sourceTree = "<group>"; };
		58D6A14F248933020069DE4A /* Base */ = {isa = PBXFileReference; lastKnownFileType = file.storyboard; name = Base; path = Base.lproj/LaunchScreen.storyboard; sourceTree = "<group>"; };
		58D6A151248933020069DE4A /* Info.plist */ = {isa = PBXFileReference; lastKnownFileType = text.plist.xml; path = Info.plist; sourceTree = "<group>"; };
/* End PBXFileReference section */

/* Begin PBXFrameworksBuildPhase section */
		58D6A13D248932FF0069DE4A /* Frameworks */ = {
			isa = PBXFrameworksBuildPhase;
			buildActionMask = 2147483647;
			files = (
			);
			runOnlyForDeploymentPostprocessing = 0;
		};
/* End PBXFrameworksBuildPhase section */

/* Begin PBXGroup section */
		581090FB248B322E005F7058 /* Setting */ = {
			isa = PBXGroup;
			children = (
				581090F9248B2E65005F7058 /* SettingsView.swift */,
			);
			path = Setting;
			sourceTree = "<group>";
		};
		581090FE248B3EDE005F7058 /* Game */ = {
			isa = PBXGroup;
			children = (
				581090FF248B3EEB005F7058 /* GameView.swift */,
				58109103248B4D49005F7058 /* Keyboard.swift */,
				58109107248B7F6A005F7058 /* NewGameButton.swift */,
				5810910B248B8DD8005F7058 /* ReplayButton.swift */,
				58109109248B8961005F7058 /* GameScoreView.swift */,
			);
			path = Game;
			sourceTree = "<group>";
		};
		5810910D248B9040005F7058 /* Views */ = {
			isa = PBXGroup;
			children = (
				581090FE248B3EDE005F7058 /* Game */,
				581090FB248B322E005F7058 /* Setting */,
			);
			path = Views;
			sourceTree = "<group>";
		};
		5810910E248B9054005F7058 /* Data */ = {
			isa = PBXGroup;
			children = (
				58109101248B450C005F7058 /* Game.swift */,
				581090FC248B323E005F7058 /* Settings.swift */,
			);
			path = Data;
			sourceTree = "<group>";
		};
		58D6A137248932FF0069DE4A = {
			isa = PBXGroup;
			children = (
				58D6A142248932FF0069DE4A /* Edutainment */,
				58D6A141248932FF0069DE4A /* Products */,
			);
			sourceTree = "<group>";
		};
		58D6A141248932FF0069DE4A /* Products */ = {
			isa = PBXGroup;
			children = (
				58D6A140248932FF0069DE4A /* Edutainment.app */,
			);
			name = Products;
			sourceTree = "<group>";
		};
		58D6A142248932FF0069DE4A /* Edutainment */ = {
			isa = PBXGroup;
			children = (
				5810910E248B9054005F7058 /* Data */,
				5810910D248B9040005F7058 /* Views */,
				58D6A143248932FF0069DE4A /* AppDelegate.swift */,
				58D6A145248932FF0069DE4A /* SceneDelegate.swift */,
				58D6A147248932FF0069DE4A /* MainView.swift */,
				58D6A149248933020069DE4A /* Assets.xcassets */,
				58D6A14E248933020069DE4A /* LaunchScreen.storyboard */,
				58D6A151248933020069DE4A /* Info.plist */,
				58D6A14B248933020069DE4A /* Preview Content */,
			);
			path = Edutainment;
			sourceTree = "<group>";
		};
		58D6A14B248933020069DE4A /* Preview Content */ = {
			isa = PBXGroup;
			children = (
				58D6A14C248933020069DE4A /* Preview Assets.xcassets */,
			);
			path = "Preview Content";
			sourceTree = "<group>";
		};
/* End PBXGroup section */

/* Begin PBXNativeTarget section */
		58D6A13F248932FF0069DE4A /* Edutainment */ = {
			isa = PBXNativeTarget;
			buildConfigurationList = 58D6A154248933020069DE4A /* Build configuration list for PBXNativeTarget "Edutainment" */;
			buildPhases = (
				58D6A13C248932FF0069DE4A /* Sources */,
				58D6A13D248932FF0069DE4A /* Frameworks */,
				58D6A13E248932FF0069DE4A /* Resources */,
			);
			buildRules = (
			);
			dependencies = (
			);
			name = Edutainment;
			productName = Edutainment;
			productReference = 58D6A140248932FF0069DE4A /* Edutainment.app */;
			productType = "com.apple.product-type.application";
		};
/* End PBXNativeTarget section */

/* Begin PBXProject section */
		58D6A138248932FF0069DE4A /* Project object */ = {
			isa = PBXProject;
			attributes = {
				LastSwiftUpdateCheck = 1150;
				LastUpgradeCheck = 1150;
				ORGANIZATIONNAME = Ramsey;
				TargetAttributes = {
					58D6A13F248932FF0069DE4A = {
						CreatedOnToolsVersion = 11.5;
					};
				};
			};
			buildConfigurationList = 58D6A13B248932FF0069DE4A /* Build configuration list for PBXProject "Edutainment" */;
			compatibilityVersion = "Xcode 9.3";
			developmentRegion = en;
			hasScannedForEncodings = 0;
			knownRegions = (
				en,
				Base,
			);
			mainGroup = 58D6A137248932FF0069DE4A;
			productRefGroup = 58D6A141248932FF0069DE4A /* Products */;
			projectDirPath = "";
			projectRoot = "";
			targets = (
				58D6A13F248932FF0069DE4A /* Edutainment */,
			);
		};
/* End PBXProject section */

/* Begin PBXResourcesBuildPhase section */
		58D6A13E248932FF0069DE4A /* Resources */ = {
			isa = PBXResourcesBuildPhase;
			buildActionMask = 2147483647;
			files = (
				58D6A150248933020069DE4A /* LaunchScreen.storyboard in Resources */,
				58D6A14D248933020069DE4A /* Preview Assets.xcassets in Resources */,
				58D6A14A248933020069DE4A /* Assets.xcassets in Resources */,
			);
			runOnlyForDeploymentPostprocessing = 0;
		};
/* End PBXResourcesBuildPhase section */

/* Begin PBXSourcesBuildPhase section */
		58D6A13C248932FF0069DE4A /* Sources */ = {
			isa = PBXSourcesBuildPhase;
			buildActionMask = 2147483647;
			files = (
				58109108248B7F6A005F7058 /* NewGameButton.swift in Sources */,
				5810910C248B8DD8005F7058 /* ReplayButton.swift in Sources */,
				581090FD248B323E005F7058 /* Settings.swift in Sources */,
				58D6A144248932FF0069DE4A /* AppDelegate.swift in Sources */,
				58109104248B4D49005F7058 /* Keyboard.swift in Sources */,
				58109102248B450C005F7058 /* Game.swift in Sources */,
				5810910A248B8961005F7058 /* GameScoreView.swift in Sources */,
				581090FA248B2E65005F7058 /* SettingsView.swift in Sources */,
				58D6A146248932FF0069DE4A /* SceneDelegate.swift in Sources */,
				58109100248B3EEB005F7058 /* GameView.swift in Sources */,
				58D6A148248932FF0069DE4A /* MainView.swift in Sources */,
			);
			runOnlyForDeploymentPostprocessing = 0;
		};
/* End PBXSourcesBuildPhase section */

/* Begin PBXVariantGroup section */
		58D6A14E248933020069DE4A /* LaunchScreen.storyboard */ = {
			isa = PBXVariantGroup;
			children = (
				58D6A14F248933020069DE4A /* Base */,
			);
			name = LaunchScreen.storyboard;
			sourceTree = "<group>";
		};
/* End PBXVariantGroup section */

/* Begin XCBuildConfiguration section */
		58D6A152248933020069DE4A /* Debug */ = {
			isa = XCBuildConfiguration;
			buildSettings = {
				ALWAYS_SEARCH_USER_PATHS = NO;
				CLANG_ANALYZER_NONNULL = YES;
				CLANG_ANALYZER_NUMBER_OBJECT_CONVERSION = YES_AGGRESSIVE;
				CLANG_CXX_LANGUAGE_STANDARD = "gnu++14";
				CLANG_CXX_LIBRARY = "libc++";
				CLANG_ENABLE_MODULES = YES;
				CLANG_ENABLE_OBJC_ARC = YES;
				CLANG_ENABLE_OBJC_WEAK = YES;
				CLANG_WARN_BLOCK_CAPTURE_AUTORELEASING = YES;
				CLANG_WARN_BOOL_CONVERSION = YES;
				CLANG_WARN_COMMA = YES;
				CLANG_WARN_CONSTANT_CONVERSION = YES;
				CLANG_WARN_DEPRECATED_OBJC_IMPLEMENTATIONS = YES;
				CLANG_WARN_DIRECT_OBJC_ISA_USAGE = YES_ERROR;
				CLANG_WARN_DOCUMENTATION_COMMENTS = YES;
				CLANG_WARN_EMPTY_BODY = YES;
				CLANG_WARN_ENUM_CONVERSION = YES;
				CLANG_WARN_INFINITE_RECURSION = YES;
				CLANG_WARN_INT_CONVERSION = YES;
				CLANG_WARN_NON_LITERAL_NULL_CONVERSION = YES;
				CLANG_WARN_OBJC_IMPLICIT_RETAIN_SELF = YES;
				CLANG_WARN_OBJC_LITERAL_CONVERSION = YES;
				CLANG_WARN_OBJC_ROOT_CLASS = YES_ERROR;
				CLANG_WARN_RANGE_LOOP_ANALYSIS = YES;
				CLANG_WARN_STRICT_PROTOTYPES = YES;
				CLANG_WARN_SUSPICIOUS_MOVE = YES;
				CLANG_WARN_UNGUARDED_AVAILABILITY = YES_AGGRESSIVE;
				CLANG_WARN_UNREACHABLE_CODE = YES;
				CLANG_WARN__DUPLICATE_METHOD_MATCH = YES;
				COPY_PHASE_STRIP = NO;
				DEBUG_INFORMATION_FORMAT = dwarf;
				ENABLE_STRICT_OBJC_MSGSEND = YES;
				ENABLE_TESTABILITY = YES;
				GCC_C_LANGUAGE_STANDARD = gnu11;
				GCC_DYNAMIC_NO_PIC = NO;
				GCC_NO_COMMON_BLOCKS = YES;
				GCC_OPTIMIZATION_LEVEL = 0;
				GCC_PREPROCESSOR_DEFINITIONS = (
					"DEBUG=1",
					"$(inherited)",
				);
				GCC_WARN_64_TO_32_BIT_CONVERSION = YES;
				GCC_WARN_ABOUT_RETURN_TYPE = YES_ERROR;
				GCC_WARN_UNDECLARED_SELECTOR = YES;
				GCC_WARN_UNINITIALIZED_AUTOS = YES_AGGRESSIVE;
				GCC_WARN_UNUSED_FUNCTION = YES;
				GCC_WARN_UNUSED_VARIABLE = YES;
				IPHONEOS_DEPLOYMENT_TARGET = 13.5;
				MTL_ENABLE_DEBUG_INFO = INCLUDE_SOURCE;
				MTL_FAST_MATH = YES;
				ONLY_ACTIVE_ARCH = YES;
				SDKROOT = iphoneos;
				SWIFT_ACTIVE_COMPILATION_CONDITIONS = DEBUG;
				SWIFT_OPTIMIZATION_LEVEL = "-Onone";
			};
			name = Debug;
		};
		58D6A153248933020069DE4A /* Release */ = {
			isa = XCBuildConfiguration;
			buildSettings = {
				ALWAYS_SEARCH_USER_PATHS = NO;
				CLANG_ANALYZER_NONNULL = YES;
				CLANG_ANALYZER_NUMBER_OBJECT_CONVERSION = YES_AGGRESSIVE;
				CLANG_CXX_LANGUAGE_STANDARD = "gnu++14";
				CLANG_CXX_LIBRARY = "libc++";
				CLANG_ENABLE_MODULES = YES;
				CLANG_ENABLE_OBJC_ARC = YES;
				CLANG_ENABLE_OBJC_WEAK = YES;
				CLANG_WARN_BLOCK_CAPTURE_AUTORELEASING = YES;
				CLANG_WARN_BOOL_CONVERSION = YES;
				CLANG_WARN_COMMA = YES;
				CLANG_WARN_CONSTANT_CONVERSION = YES;
				CLANG_WARN_DEPRECATED_OBJC_IMPLEMENTATIONS = YES;
				CLANG_WARN_DIRECT_OBJC_ISA_USAGE = YES_ERROR;
				CLANG_WARN_DOCUMENTATION_COMMENTS = YES;
				CLANG_WARN_EMPTY_BODY = YES;
				CLANG_WARN_ENUM_CONVERSION = YES;
				CLANG_WARN_INFINITE_RECURSION = YES;
				CLANG_WARN_INT_CONVERSION = YES;
				CLANG_WARN_NON_LITERAL_NULL_CONVERSION = YES;
				CLANG_WARN_OBJC_IMPLICIT_RETAIN_SELF = YES;
				CLANG_WARN_OBJC_LITERAL_CONVERSION = YES;
				CLANG_WARN_OBJC_ROOT_CLASS = YES_ERROR;
				CLANG_WARN_RANGE_LOOP_ANALYSIS = YES;
				CLANG_WARN_STRICT_PROTOTYPES = YES;
				CLANG_WARN_SUSPICIOUS_MOVE = YES;
				CLANG_WARN_UNGUARDED_AVAILABILITY = YES_AGGRESSIVE;
				CLANG_WARN_UNREACHABLE_CODE = YES;
				CLANG_WARN__DUPLICATE_METHOD_MATCH = YES;
				COPY_PHASE_STRIP = NO;
				DEBUG_INFORMATION_FORMAT = "dwarf-with-dsym";
				ENABLE_NS_ASSERTIONS = NO;
				ENABLE_STRICT_OBJC_MSGSEND = YES;
				GCC_C_LANGUAGE_STANDARD = gnu11;
				GCC_NO_COMMON_BLOCKS = YES;
				GCC_WARN_64_TO_32_BIT_CONVERSION = YES;
				GCC_WARN_ABOUT_RETURN_TYPE = YES_ERROR;
				GCC_WARN_UNDECLARED_SELECTOR = YES;
				GCC_WARN_UNINITIALIZED_AUTOS = YES_AGGRESSIVE;
				GCC_WARN_UNUSED_FUNCTION = YES;
				GCC_WARN_UNUSED_VARIABLE = YES;
				IPHONEOS_DEPLOYMENT_TARGET = 13.5;
				MTL_ENABLE_DEBUG_INFO = NO;
				MTL_FAST_MATH = YES;
				SDKROOT = iphoneos;
				SWIFT_COMPILATION_MODE = wholemodule;
				SWIFT_OPTIMIZATION_LEVEL = "-O";
				VALIDATE_PRODUCT = YES;
			};
			name = Release;
		};
		58D6A155248933020069DE4A /* Debug */ = {
			isa = XCBuildConfiguration;
			buildSettings = {
				ASSETCATALOG_COMPILER_APPICON_NAME = AppIcon;
				CODE_SIGN_STYLE = Automatic;
				DEVELOPMENT_ASSET_PATHS = "\"Edutainment/Preview Content\"";
				DEVELOPMENT_TEAM = UD95GSGU6B;
				ENABLE_PREVIEWS = YES;
				INFOPLIST_FILE = Edutainment/Info.plist;
				LD_RUNPATH_SEARCH_PATHS = (
					"$(inherited)",
					"@executable_path/Frameworks",
				);
				PRODUCT_BUNDLE_IDENTIFIER = essex.Edutainment;
				PRODUCT_NAME = "$(TARGET_NAME)";
				SWIFT_VERSION = 5.0;
				TARGETED_DEVICE_FAMILY = "1,2";
			};
			name = Debug;
		};
		58D6A156248933020069DE4A /* Release */ = {
			isa = XCBuildConfiguration;
			buildSettings = {
				ASSETCATALOG_COMPILER_APPICON_NAME = AppIcon;
				CODE_SIGN_STYLE = Automatic;
				DEVELOPMENT_ASSET_PATHS = "\"Edutainment/Preview Content\"";
				DEVELOPMENT_TEAM = UD95GSGU6B;
				ENABLE_PREVIEWS = YES;
				INFOPLIST_FILE = Edutainment/Info.plist;
				LD_RUNPATH_SEARCH_PATHS = (
					"$(inherited)",
					"@executable_path/Frameworks",
				);
				PRODUCT_BUNDLE_IDENTIFIER = essex.Edutainment;
				PRODUCT_NAME = "$(TARGET_NAME)";
				SWIFT_VERSION = 5.0;
				TARGETED_DEVICE_FAMILY = "1,2";
			};
			name = Release;
		};
/* End XCBuildConfiguration section */

/* Begin XCConfigurationList section */
		58D6A13B248932FF0069DE4A /* Build configuration list for PBXProject "Edutainment" */ = {
			isa = XCConfigurationList;
			buildConfigurations = (
				58D6A152248933020069DE4A /* Debug */,
				58D6A153248933020069DE4A /* Release */,
			);
			defaultConfigurationIsVisible = 0;
			defaultConfigurationName = Release;
		};
		58D6A154248933020069DE4A /* Build configuration list for PBXNativeTarget "Edutainment" */ = {
			isa = XCConfigurationList;
			buildConfigurations = (
				58D6A155248933020069DE4A /* Debug */,
				58D6A156248933020069DE4A /* Release */,
			);
			defaultConfigurationIsVisible = 0;
			defaultConfigurationName = Release;
		};
/* End XCConfigurationList section */
	};
	rootObject = 58D6A138248932FF0069DE4A /* Project object */;
}
