// !$*UTF8*$!
{
	archiveVersion = 1;
	classes = {
	};
	objectVersion = 50;
	objects = {

/* Begin PBXBuildFile section */
		5868046B249278A2006A2669 /* AppDelegate.swift in Sources */ = {isa = PBXBuildFile; fileRef = 5868046A249278A2006A2669 /* AppDelegate.swift */; };
		5868046D249278A2006A2669 /* SceneDelegate.swift in Sources */ = {isa = PBXBuildFile; fileRef = 5868046C249278A2006A2669 /* SceneDelegate.swift */; };
		5868046F249278A2006A2669 /* ContentView.swift in Sources */ = {isa = PBXBuildFile; fileRef = 5868046E249278A2006A2669 /* ContentView.swift */; };
		58680471249278A3006A2669 /* Assets.xcassets in Resources */ = {isa = PBXBuildFile; fileRef = 58680470249278A3006A2669 /* Assets.xcassets */; };
		58680474249278A3006A2669 /* Preview Assets.xcassets in Resources */ = {isa = PBXBuildFile; fileRef = 58680473249278A3006A2669 /* Preview Assets.xcassets */; };
		58680477249278A3006A2669 /* LaunchScreen.storyboard in Resources */ = {isa = PBXBuildFile; fileRef = 58680475249278A3006A2669 /* LaunchScreen.storyboard */; };
		58680481249278CC006A2669 /* Habit.swift in Sources */ = {isa = PBXBuildFile; fileRef = 58680480249278CC006A2669 /* Habit.swift */; };
		5868048324927A01006A2669 /* HabitListView.swift in Sources */ = {isa = PBXBuildFile; fileRef = 5868048224927A01006A2669 /* HabitListView.swift */; };
		586804852492810F006A2669 /* AddActivityView.swift in Sources */ = {isa = PBXBuildFile; fileRef = 586804842492810F006A2669 /* AddActivityView.swift */; };
		586804892492851E006A2669 /* EditActivityView.swift in Sources */ = {isa = PBXBuildFile; fileRef = 586804882492851E006A2669 /* EditActivityView.swift */; };
/* End PBXBuildFile section */

/* Begin PBXFileReference section */
		58680467249278A2006A2669 /* HabbitsTracking.app */ = {isa = PBXFileReference; explicitFileType = wrapper.application; includeInIndex = 0; path = HabbitsTracking.app; sourceTree = BUILT_PRODUCTS_DIR; };
		5868046A249278A2006A2669 /* AppDelegate.swift */ = {isa = PBXFileReference; lastKnownFileType = sourcecode.swift; path = AppDelegate.swift; sourceTree = "<group>"; };
		5868046C249278A2006A2669 /* SceneDelegate.swift */ = {isa = PBXFileReference; lastKnownFileType = sourcecode.swift; path = SceneDelegate.swift; sourceTree = "<group>"; };
		5868046E249278A2006A2669 /* ContentView.swift */ = {isa = PBXFileReference; lastKnownFileType = sourcecode.swift; path = ContentView.swift; sourceTree = "<group>"; };
		58680470249278A3006A2669 /* Assets.xcassets */ = {isa = PBXFileReference; lastKnownFileType = folder.assetcatalog; path = Assets.xcassets; sourceTree = "<group>"; };
		58680473249278A3006A2669 /* Preview Assets.xcassets */ = {isa = PBXFileReference; lastKnownFileType = folder.assetcatalog; path = "Preview Assets.xcassets"; sourceTree = "<group>"; };
		58680476249278A3006A2669 /* Base */ = {isa = PBXFileReference; lastKnownFileType = file.storyboard; name = Base; path = Base.lproj/LaunchScreen.storyboard; sourceTree = "<group>"; };
		58680478249278A3006A2669 /* Info.plist */ = {isa = PBXFileReference; lastKnownFileType = text.plist.xml; path = Info.plist; sourceTree = "<group>"; };
		58680480249278CC006A2669 /* Habit.swift */ = {isa = PBXFileReference; lastKnownFileType = sourcecode.swift; path = Habit.swift; sourceTree = "<group>"; };
		5868048224927A01006A2669 /* HabitListView.swift */ = {isa = PBXFileReference; lastKnownFileType = sourcecode.swift; path = HabitListView.swift; sourceTree = "<group>"; };
		586804842492810F006A2669 /* AddActivityView.swift */ = {isa = PBXFileReference; lastKnownFileType = sourcecode.swift; path = AddActivityView.swift; sourceTree = "<group>"; };
		586804882492851E006A2669 /* EditActivityView.swift */ = {isa = PBXFileReference; lastKnownFileType = sourcecode.swift; path = EditActivityView.swift; sourceTree = "<group>"; };
/* End PBXFileReference section */

/* Begin PBXFrameworksBuildPhase section */
		58680464249278A2006A2669 /* Frameworks */ = {
			isa = PBXFrameworksBuildPhase;
			buildActionMask = 2147483647;
			files = (
			);
			runOnlyForDeploymentPostprocessing = 0;
		};
/* End PBXFrameworksBuildPhase section */

/* Begin PBXGroup section */
		5868045E249278A1006A2669 = {
			isa = PBXGroup;
			children = (
				58680469249278A2006A2669 /* HabbitsTracking */,
				58680468249278A2006A2669 /* Products */,
			);
			sourceTree = "<group>";
		};
		58680468249278A2006A2669 /* Products */ = {
			isa = PBXGroup;
			children = (
				58680467249278A2006A2669 /* HabbitsTracking.app */,
			);
			name = Products;
			sourceTree = "<group>";
		};
		58680469249278A2006A2669 /* HabbitsTracking */ = {
			isa = PBXGroup;
			children = (
				5868047F249278B8006A2669 /* View */,
				5868047E249278B2006A2669 /* Data */,
				5868046A249278A2006A2669 /* AppDelegate.swift */,
				5868046C249278A2006A2669 /* SceneDelegate.swift */,
				5868046E249278A2006A2669 /* ContentView.swift */,
				58680470249278A3006A2669 /* Assets.xcassets */,
				58680475249278A3006A2669 /* LaunchScreen.storyboard */,
				58680478249278A3006A2669 /* Info.plist */,
				58680472249278A3006A2669 /* Preview Content */,
			);
			path = HabbitsTracking;
			sourceTree = "<group>";
		};
		58680472249278A3006A2669 /* Preview Content */ = {
			isa = PBXGroup;
			children = (
				58680473249278A3006A2669 /* Preview Assets.xcassets */,
			);
			path = "Preview Content";
			sourceTree = "<group>";
		};
		5868047E249278B2006A2669 /* Data */ = {
			isa = PBXGroup;
			children = (
				58680480249278CC006A2669 /* Habit.swift */,
			);
			path = Data;
			sourceTree = "<group>";
		};
		5868047F249278B8006A2669 /* View */ = {
			isa = PBXGroup;
			children = (
				5868048224927A01006A2669 /* HabitListView.swift */,
				586804842492810F006A2669 /* AddActivityView.swift */,
				586804882492851E006A2669 /* EditActivityView.swift */,
			);
			path = View;
			sourceTree = "<group>";
		};
/* End PBXGroup section */

/* Begin PBXNativeTarget section */
		58680466249278A2006A2669 /* HabbitsTracking */ = {
			isa = PBXNativeTarget;
			buildConfigurationList = 5868047B249278A3006A2669 /* Build configuration list for PBXNativeTarget "HabbitsTracking" */;
			buildPhases = (
				58680463249278A2006A2669 /* Sources */,
				58680464249278A2006A2669 /* Frameworks */,
				58680465249278A2006A2669 /* Resources */,
			);
			buildRules = (
			);
			dependencies = (
			);
			name = HabbitsTracking;
			productName = HabbitsTracking;
			productReference = 58680467249278A2006A2669 /* HabbitsTracking.app */;
			productType = "com.apple.product-type.application";
		};
/* End PBXNativeTarget section */

/* Begin PBXProject section */
		5868045F249278A1006A2669 /* Project object */ = {
			isa = PBXProject;
			attributes = {
				LastSwiftUpdateCheck = 1150;
				LastUpgradeCheck = 1150;
				ORGANIZATIONNAME = Ramsey;
				TargetAttributes = {
					58680466249278A2006A2669 = {
						CreatedOnToolsVersion = 11.5;
					};
				};
			};
			buildConfigurationList = 58680462249278A1006A2669 /* Build configuration list for PBXProject "HabbitsTracking" */;
			compatibilityVersion = "Xcode 9.3";
			developmentRegion = en;
			hasScannedForEncodings = 0;
			knownRegions = (
				en,
				Base,
			);
			mainGroup = 5868045E249278A1006A2669;
			productRefGroup = 58680468249278A2006A2669 /* Products */;
			projectDirPath = "";
			projectRoot = "";
			targets = (
				58680466249278A2006A2669 /* HabbitsTracking */,
			);
		};
/* End PBXProject section */

/* Begin PBXResourcesBuildPhase section */
		58680465249278A2006A2669 /* Resources */ = {
			isa = PBXResourcesBuildPhase;
			buildActionMask = 2147483647;
			files = (
				58680477249278A3006A2669 /* LaunchScreen.storyboard in Resources */,
				58680474249278A3006A2669 /* Preview Assets.xcassets in Resources */,
				58680471249278A3006A2669 /* Assets.xcassets in Resources */,
			);
			runOnlyForDeploymentPostprocessing = 0;
		};
/* End PBXResourcesBuildPhase section */

/* Begin PBXSourcesBuildPhase section */
		58680463249278A2006A2669 /* Sources */ = {
			isa = PBXSourcesBuildPhase;
			buildActionMask = 2147483647;
			files = (
				5868046B249278A2006A2669 /* AppDelegate.swift in Sources */,
				58680481249278CC006A2669 /* Habit.swift in Sources */,
				5868046D249278A2006A2669 /* SceneDelegate.swift in Sources */,
				586804852492810F006A2669 /* AddActivityView.swift in Sources */,
				5868048324927A01006A2669 /* HabitListView.swift in Sources */,
				586804892492851E006A2669 /* EditActivityView.swift in Sources */,
				5868046F249278A2006A2669 /* ContentView.swift in Sources */,
			);
			runOnlyForDeploymentPostprocessing = 0;
		};
/* End PBXSourcesBuildPhase section */

/* Begin PBXVariantGroup section */
		58680475249278A3006A2669 /* LaunchScreen.storyboard */ = {
			isa = PBXVariantGroup;
			children = (
				58680476249278A3006A2669 /* Base */,
			);
			name = LaunchScreen.storyboard;
			sourceTree = "<group>";
		};
/* End PBXVariantGroup section */

/* Begin XCBuildConfiguration section */
		58680479249278A3006A2669 /* Debug */ = {
			isa = XCBuildConfiguration;
			buildSettings = {
				ALWAYS_SEARCH_USER_PATHS = NO;
				CLANG_ANALYZER_NONNULL = YES;
				CLANG_ANALYZER_NUMBER_OBJECT_CONVERSION = YES_AGGRESSIVE;
				CLANG_CXX_LANGUAGE_STANDARD = "gnu++14";
				CLANG_CXX_LIBRARY = "libc++";
				CLANG_ENABLE_MODULES = YES;
				CLANG_ENABLE_OBJC_ARC = YES;
				CLANG_ENABLE_OBJC_WEAK = YES;
				CLANG_WARN_BLOCK_CAPTURE_AUTORELEASING = YES;
				CLANG_WARN_BOOL_CONVERSION = YES;
				CLANG_WARN_COMMA = YES;
				CLANG_WARN_CONSTANT_CONVERSION = YES;
				CLANG_WARN_DEPRECATED_OBJC_IMPLEMENTATIONS = YES;
				CLANG_WARN_DIRECT_OBJC_ISA_USAGE = YES_ERROR;
				CLANG_WARN_DOCUMENTATION_COMMENTS = YES;
				CLANG_WARN_EMPTY_BODY = YES;
				CLANG_WARN_ENUM_CONVERSION = YES;
				CLANG_WARN_INFINITE_RECURSION = YES;
				CLANG_WARN_INT_CONVERSION = YES;
				CLANG_WARN_NON_LITERAL_NULL_CONVERSION = YES;
				CLANG_WARN_OBJC_IMPLICIT_RETAIN_SELF = YES;
				CLANG_WARN_OBJC_LITERAL_CONVERSION = YES;
				CLANG_WARN_OBJC_ROOT_CLASS = YES_ERROR;
				CLANG_WARN_RANGE_LOOP_ANALYSIS = YES;
				CLANG_WARN_STRICT_PROTOTYPES = YES;
				CLANG_WARN_SUSPICIOUS_MOVE = YES;
				CLANG_WARN_UNGUARDED_AVAILABILITY = YES_AGGRESSIVE;
				CLANG_WARN_UNREACHABLE_CODE = YES;
				CLANG_WARN__DUPLICATE_METHOD_MATCH = YES;
				COPY_PHASE_STRIP = NO;
				DEBUG_INFORMATION_FORMAT = dwarf;
				ENABLE_STRICT_OBJC_MSGSEND = YES;
				ENABLE_TESTABILITY = YES;
				GCC_C_LANGUAGE_STANDARD = gnu11;
				GCC_DYNAMIC_NO_PIC = NO;
				GCC_NO_COMMON_BLOCKS = YES;
				GCC_OPTIMIZATION_LEVEL = 0;
				GCC_PREPROCESSOR_DEFINITIONS = (
					"DEBUG=1",
					"$(inherited)",
				);
				GCC_WARN_64_TO_32_BIT_CONVERSION = YES;
				GCC_WARN_ABOUT_RETURN_TYPE = YES_ERROR;
				GCC_WARN_UNDECLARED_SELECTOR = YES;
				GCC_WARN_UNINITIALIZED_AUTOS = YES_AGGRESSIVE;
				GCC_WARN_UNUSED_FUNCTION = YES;
				GCC_WARN_UNUSED_VARIABLE = YES;
				IPHONEOS_DEPLOYMENT_TARGET = 13.5;
				MTL_ENABLE_DEBUG_INFO = INCLUDE_SOURCE;
				MTL_FAST_MATH = YES;
				ONLY_ACTIVE_ARCH = YES;
				SDKROOT = iphoneos;
				SWIFT_ACTIVE_COMPILATION_CONDITIONS = DEBUG;
				SWIFT_OPTIMIZATION_LEVEL = "-Onone";
			};
			name = Debug;
		};
		5868047A249278A3006A2669 /* Release */ = {
			isa = XCBuildConfiguration;
			buildSettings = {
				ALWAYS_SEARCH_USER_PATHS = NO;
				CLANG_ANALYZER_NONNULL = YES;
				CLANG_ANALYZER_NUMBER_OBJECT_CONVERSION = YES_AGGRESSIVE;
				CLANG_CXX_LANGUAGE_STANDARD = "gnu++14";
				CLANG_CXX_LIBRARY = "libc++";
				CLANG_ENABLE_MODULES = YES;
				CLANG_ENABLE_OBJC_ARC = YES;
				CLANG_ENABLE_OBJC_WEAK = YES;
				CLANG_WARN_BLOCK_CAPTURE_AUTORELEASING = YES;
				CLANG_WARN_BOOL_CONVERSION = YES;
				CLANG_WARN_COMMA = YES;
				CLANG_WARN_CONSTANT_CONVERSION = YES;
				CLANG_WARN_DEPRECATED_OBJC_IMPLEMENTATIONS = YES;
				CLANG_WARN_DIRECT_OBJC_ISA_USAGE = YES_ERROR;
				CLANG_WARN_DOCUMENTATION_COMMENTS = YES;
				CLANG_WARN_EMPTY_BODY = YES;
				CLANG_WARN_ENUM_CONVERSION = YES;
				CLANG_WARN_INFINITE_RECURSION = YES;
				CLANG_WARN_INT_CONVERSION = YES;
				CLANG_WARN_NON_LITERAL_NULL_CONVERSION = YES;
				CLANG_WARN_OBJC_IMPLICIT_RETAIN_SELF = YES;
				CLANG_WARN_OBJC_LITERAL_CONVERSION = YES;
				CLANG_WARN_OBJC_ROOT_CLASS = YES_ERROR;
				CLANG_WARN_RANGE_LOOP_ANALYSIS = YES;
				CLANG_WARN_STRICT_PROTOTYPES = YES;
				CLANG_WARN_SUSPICIOUS_MOVE = YES;
				CLANG_WARN_UNGUARDED_AVAILABILITY = YES_AGGRESSIVE;
				CLANG_WARN_UNREACHABLE_CODE = YES;
				CLANG_WARN__DUPLICATE_METHOD_MATCH = YES;
				COPY_PHASE_STRIP = NO;
				DEBUG_INFORMATION_FORMAT = "dwarf-with-dsym";
				ENABLE_NS_ASSERTIONS = NO;
				ENABLE_STRICT_OBJC_MSGSEND = YES;
				GCC_C_LANGUAGE_STANDARD = gnu11;
				GCC_NO_COMMON_BLOCKS = YES;
				GCC_WARN_64_TO_32_BIT_CONVERSION = YES;
				GCC_WARN_ABOUT_RETURN_TYPE = YES_ERROR;
				GCC_WARN_UNDECLARED_SELECTOR = YES;
				GCC_WARN_UNINITIALIZED_AUTOS = YES_AGGRESSIVE;
				GCC_WARN_UNUSED_FUNCTION = YES;
				GCC_WARN_UNUSED_VARIABLE = YES;
				IPHONEOS_DEPLOYMENT_TARGET = 13.5;
				MTL_ENABLE_DEBUG_INFO = NO;
				MTL_FAST_MATH = YES;
				SDKROOT = iphoneos;
				SWIFT_COMPILATION_MODE = wholemodule;
				SWIFT_OPTIMIZATION_LEVEL = "-O";
				VALIDATE_PRODUCT = YES;
			};
			name = Release;
		};
		5868047C249278A3006A2669 /* Debug */ = {
			isa = XCBuildConfiguration;
			buildSettings = {
				ASSETCATALOG_COMPILER_APPICON_NAME = AppIcon;
				CODE_SIGN_STYLE = Automatic;
				DEVELOPMENT_ASSET_PATHS = "\"HabbitsTracking/Preview Content\"";
				DEVELOPMENT_TEAM = UD95GSGU6B;
				ENABLE_PREVIEWS = YES;
				INFOPLIST_FILE = HabbitsTracking/Info.plist;
				LD_RUNPATH_SEARCH_PATHS = (
					"$(inherited)",
					"@executable_path/Frameworks",
				);
				PRODUCT_BUNDLE_IDENTIFIER = essex.HabbitsTracking;
				PRODUCT_NAME = "$(TARGET_NAME)";
				SWIFT_VERSION = 5.0;
				TARGETED_DEVICE_FAMILY = "1,2";
			};
			name = Debug;
		};
		5868047D249278A3006A2669 /* Release */ = {
			isa = XCBuildConfiguration;
			buildSettings = {
				ASSETCATALOG_COMPILER_APPICON_NAME = AppIcon;
				CODE_SIGN_STYLE = Automatic;
				DEVELOPMENT_ASSET_PATHS = "\"HabbitsTracking/Preview Content\"";
				DEVELOPMENT_TEAM = UD95GSGU6B;
				ENABLE_PREVIEWS = YES;
				INFOPLIST_FILE = HabbitsTracking/Info.plist;
				LD_RUNPATH_SEARCH_PATHS = (
					"$(inherited)",
					"@executable_path/Frameworks",
				);
				PRODUCT_BUNDLE_IDENTIFIER = essex.HabbitsTracking;
				PRODUCT_NAME = "$(TARGET_NAME)";
				SWIFT_VERSION = 5.0;
				TARGETED_DEVICE_FAMILY = "1,2";
			};
			name = Release;
		};
/* End XCBuildConfiguration section */

/* Begin XCConfigurationList section */
		58680462249278A1006A2669 /* Build configuration list for PBXProject "HabbitsTracking" */ = {
			isa = XCConfigurationList;
			buildConfigurations = (
				58680479249278A3006A2669 /* Debug */,
				5868047A249278A3006A2669 /* Release */,
			);
			defaultConfigurationIsVisible = 0;
			defaultConfigurationName = Release;
		};
		5868047B249278A3006A2669 /* Build configuration list for PBXNativeTarget "HabbitsTracking" */ = {
			isa = XCConfigurationList;
			buildConfigurations = (
				5868047C249278A3006A2669 /* Debug */,
				5868047D249278A3006A2669 /* Release */,
			);
			defaultConfigurationIsVisible = 0;
			defaultConfigurationName = Release;
		};
/* End XCConfigurationList section */
	};
	rootObject = 5868045F249278A1006A2669 /* Project object */;
}
