// !$*UTF8*$!
{
	archiveVersion = 1;
	classes = {
	};
	objectVersion = 50;
	objects = {

/* Begin PBXBuildFile section */
		5804535624AA289D0007294D /* AppDelegate.swift in Sources */ = {isa = PBXBuildFile; fileRef = 5804535524AA289D0007294D /* AppDelegate.swift */; };
		5804535824AA289D0007294D /* SceneDelegate.swift in Sources */ = {isa = PBXBuildFile; fileRef = 5804535724AA289D0007294D /* SceneDelegate.swift */; };
		5804535A24AA289D0007294D /* ContentView.swift in Sources */ = {isa = PBXBuildFile; fileRef = 5804535924AA289D0007294D /* ContentView.swift */; };
		5804535C24AA28A20007294D /* Assets.xcassets in Resources */ = {isa = PBXBuildFile; fileRef = 5804535B24AA28A20007294D /* Assets.xcassets */; };
		5804535F24AA28A20007294D /* Preview Assets.xcassets in Resources */ = {isa = PBXBuildFile; fileRef = 5804535E24AA28A20007294D /* Preview Assets.xcassets */; };
		5804536224AA28A20007294D /* LaunchScreen.storyboard in Resources */ = {isa = PBXBuildFile; fileRef = 5804536024AA28A20007294D /* LaunchScreen.storyboard */; };
		5804536B24AA29690007294D /* Compare.swift in Sources */ = {isa = PBXBuildFile; fileRef = 5804536A24AA29690007294D /* Compare.swift */; };
		5819DAFD24ADE0C600091CB2 /* MKPointAnnotation-ObservableObject.swift in Sources */ = {isa = PBXBuildFile; fileRef = 5819DAFC24ADE0C600091CB2 /* MKPointAnnotation-ObservableObject.swift */; };
		5819DAFF24ADE15A00091CB2 /* EditView.swift in Sources */ = {isa = PBXBuildFile; fileRef = 5819DAFE24ADE15A00091CB2 /* EditView.swift */; };
		5819DB0124ADE64A00091CB2 /* Reslut.swift in Sources */ = {isa = PBXBuildFile; fileRef = 5819DB0024ADE64A00091CB2 /* Reslut.swift */; };
		58A238EA24ADBE9C00374FB9 /* MapView.swift in Sources */ = {isa = PBXBuildFile; fileRef = 58A238E924ADBE9C00374FB9 /* MapView.swift */; };
		58F5DFA724B1AE7900B8BAB3 /* MKPointAnnotation-Codable.swift in Sources */ = {isa = PBXBuildFile; fileRef = 58F5DFA624B1AE7900B8BAB3 /* MKPointAnnotation-Codable.swift */; };
/* End PBXBuildFile section */

/* Begin PBXFileReference section */
		5804535224AA289D0007294D /* BucketList.app */ = {isa = PBXFileReference; explicitFileType = wrapper.application; includeInIndex = 0; path = BucketList.app; sourceTree = BUILT_PRODUCTS_DIR; };
		5804535524AA289D0007294D /* AppDelegate.swift */ = {isa = PBXFileReference; lastKnownFileType = sourcecode.swift; path = AppDelegate.swift; sourceTree = "<group>"; };
		5804535724AA289D0007294D /* SceneDelegate.swift */ = {isa = PBXFileReference; lastKnownFileType = sourcecode.swift; path = SceneDelegate.swift; sourceTree = "<group>"; };
		5804535924AA289D0007294D /* ContentView.swift */ = {isa = PBXFileReference; lastKnownFileType = sourcecode.swift; path = ContentView.swift; sourceTree = "<group>"; };
		5804535B24AA28A20007294D /* Assets.xcassets */ = {isa = PBXFileReference; lastKnownFileType = folder.assetcatalog; path = Assets.xcassets; sourceTree = "<group>"; };
		5804535E24AA28A20007294D /* Preview Assets.xcassets */ = {isa = PBXFileReference; lastKnownFileType = folder.assetcatalog; path = "Preview Assets.xcassets"; sourceTree = "<group>"; };
		5804536124AA28A20007294D /* Base */ = {isa = PBXFileReference; lastKnownFileType = file.storyboard; name = Base; path = Base.lproj/LaunchScreen.storyboard; sourceTree = "<group>"; };
		5804536324AA28A20007294D /* Info.plist */ = {isa = PBXFileReference; lastKnownFileType = text.plist.xml; path = Info.plist; sourceTree = "<group>"; };
		5804536A24AA29690007294D /* Compare.swift */ = {isa = PBXFileReference; lastKnownFileType = sourcecode.swift; path = Compare.swift; sourceTree = "<group>"; };
		5819DAFC24ADE0C600091CB2 /* MKPointAnnotation-ObservableObject.swift */ = {isa = PBXFileReference; lastKnownFileType = sourcecode.swift; path = "MKPointAnnotation-ObservableObject.swift"; sourceTree = "<group>"; };
		5819DAFE24ADE15A00091CB2 /* EditView.swift */ = {isa = PBXFileReference; lastKnownFileType = sourcecode.swift; path = EditView.swift; sourceTree = "<group>"; };
		5819DB0024ADE64A00091CB2 /* Reslut.swift */ = {isa = PBXFileReference; lastKnownFileType = sourcecode.swift; path = Reslut.swift; sourceTree = "<group>"; };
		58A238E924ADBE9C00374FB9 /* MapView.swift */ = {isa = PBXFileReference; lastKnownFileType = sourcecode.swift; path = MapView.swift; sourceTree = "<group>"; };
		58F5DFA624B1AE7900B8BAB3 /* MKPointAnnotation-Codable.swift */ = {isa = PBXFileReference; lastKnownFileType = sourcecode.swift; path = "MKPointAnnotation-Codable.swift"; sourceTree = "<group>"; };
/* End PBXFileReference section */

/* Begin PBXFrameworksBuildPhase section */
		5804534F24AA289D0007294D /* Frameworks */ = {
			isa = PBXFrameworksBuildPhase;
			buildActionMask = 2147483647;
			files = (
			);
			runOnlyForDeploymentPostprocessing = 0;
		};
/* End PBXFrameworksBuildPhase section */

/* Begin PBXGroup section */
		5804534924AA289D0007294D = {
			isa = PBXGroup;
			children = (
				5804535424AA289D0007294D /* BucketList */,
				5804535324AA289D0007294D /* Products */,
			);
			sourceTree = "<group>";
		};
		5804535324AA289D0007294D /* Products */ = {
			isa = PBXGroup;
			children = (
				5804535224AA289D0007294D /* BucketList.app */,
			);
			name = Products;
			sourceTree = "<group>";
		};
		5804535424AA289D0007294D /* BucketList */ = {
			isa = PBXGroup;
			children = (
				5804536924AA294D0007294D /* SampleCode */,
				5804535524AA289D0007294D /* AppDelegate.swift */,
				5804535724AA289D0007294D /* SceneDelegate.swift */,
				5804535924AA289D0007294D /* ContentView.swift */,
				5804535B24AA28A20007294D /* Assets.xcassets */,
				5804536024AA28A20007294D /* LaunchScreen.storyboard */,
				5804536324AA28A20007294D /* Info.plist */,
				5804535D24AA28A20007294D /* Preview Content */,
			);
			path = BucketList;
			sourceTree = "<group>";
		};
		5804535D24AA28A20007294D /* Preview Content */ = {
			isa = PBXGroup;
			children = (
				5804535E24AA28A20007294D /* Preview Assets.xcassets */,
			);
			path = "Preview Content";
			sourceTree = "<group>";
		};
		5804536924AA294D0007294D /* SampleCode */ = {
			isa = PBXGroup;
			children = (
				5804536A24AA29690007294D /* Compare.swift */,
				58A238E924ADBE9C00374FB9 /* MapView.swift */,
				5819DAFC24ADE0C600091CB2 /* MKPointAnnotation-ObservableObject.swift */,
				58F5DFA624B1AE7900B8BAB3 /* MKPointAnnotation-Codable.swift */,
				5819DAFE24ADE15A00091CB2 /* EditView.swift */,
				5819DB0024ADE64A00091CB2 /* Reslut.swift */,
			);
			path = SampleCode;
			sourceTree = "<group>";
		};
/* End PBXGroup section */

/* Begin PBXNativeTarget section */
		5804535124AA289D0007294D /* BucketList */ = {
			isa = PBXNativeTarget;
			buildConfigurationList = 5804536624AA28A20007294D /* Build configuration list for PBXNativeTarget "BucketList" */;
			buildPhases = (
				5804534E24AA289D0007294D /* Sources */,
				5804534F24AA289D0007294D /* Frameworks */,
				5804535024AA289D0007294D /* Resources */,
			);
			buildRules = (
			);
			dependencies = (
			);
			name = BucketList;
			productName = BucketList;
			productReference = 5804535224AA289D0007294D /* BucketList.app */;
			productType = "com.apple.product-type.application";
		};
/* End PBXNativeTarget section */

/* Begin PBXProject section */
		5804534A24AA289D0007294D /* Project object */ = {
			isa = PBXProject;
			attributes = {
				LastSwiftUpdateCheck = 1150;
				LastUpgradeCheck = 1150;
				ORGANIZATIONNAME = Ramsey;
				TargetAttributes = {
					5804535124AA289D0007294D = {
						CreatedOnToolsVersion = 11.5;
					};
				};
			};
			buildConfigurationList = 5804534D24AA289D0007294D /* Build configuration list for PBXProject "BucketList" */;
			compatibilityVersion = "Xcode 9.3";
			developmentRegion = en;
			hasScannedForEncodings = 0;
			knownRegions = (
				en,
				Base,
			);
			mainGroup = 5804534924AA289D0007294D;
			productRefGroup = 5804535324AA289D0007294D /* Products */;
			projectDirPath = "";
			projectRoot = "";
			targets = (
				5804535124AA289D0007294D /* BucketList */,
			);
		};
/* End PBXProject section */

/* Begin PBXResourcesBuildPhase section */
		5804535024AA289D0007294D /* Resources */ = {
			isa = PBXResourcesBuildPhase;
			buildActionMask = 2147483647;
			files = (
				5804536224AA28A20007294D /* LaunchScreen.storyboard in Resources */,
				5804535F24AA28A20007294D /* Preview Assets.xcassets in Resources */,
				5804535C24AA28A20007294D /* Assets.xcassets in Resources */,
			);
			runOnlyForDeploymentPostprocessing = 0;
		};
/* End PBXResourcesBuildPhase section */

/* Begin PBXSourcesBuildPhase section */
		5804534E24AA289D0007294D /* Sources */ = {
			isa = PBXSourcesBuildPhase;
			buildActionMask = 2147483647;
			files = (
				5804535624AA289D0007294D /* AppDelegate.swift in Sources */,
				5819DAFD24ADE0C600091CB2 /* MKPointAnnotation-ObservableObject.swift in Sources */,
				5804535824AA289D0007294D /* SceneDelegate.swift in Sources */,
				58A238EA24ADBE9C00374FB9 /* MapView.swift in Sources */,
				5819DAFF24ADE15A00091CB2 /* EditView.swift in Sources */,
				5804535A24AA289D0007294D /* ContentView.swift in Sources */,
				58F5DFA724B1AE7900B8BAB3 /* MKPointAnnotation-Codable.swift in Sources */,
				5819DB0124ADE64A00091CB2 /* Reslut.swift in Sources */,
				5804536B24AA29690007294D /* Compare.swift in Sources */,
			);
			runOnlyForDeploymentPostprocessing = 0;
		};
/* End PBXSourcesBuildPhase section */

/* Begin PBXVariantGroup section */
		5804536024AA28A20007294D /* LaunchScreen.storyboard */ = {
			isa = PBXVariantGroup;
			children = (
				5804536124AA28A20007294D /* Base */,
			);
			name = LaunchScreen.storyboard;
			sourceTree = "<group>";
		};
/* End PBXVariantGroup section */

/* Begin XCBuildConfiguration section */
		5804536424AA28A20007294D /* Debug */ = {
			isa = XCBuildConfiguration;
			buildSettings = {
				ALWAYS_SEARCH_USER_PATHS = NO;
				CLANG_ANALYZER_NONNULL = YES;
				CLANG_ANALYZER_NUMBER_OBJECT_CONVERSION = YES_AGGRESSIVE;
				CLANG_CXX_LANGUAGE_STANDARD = "gnu++14";
				CLANG_CXX_LIBRARY = "libc++";
				CLANG_ENABLE_MODULES = YES;
				CLANG_ENABLE_OBJC_ARC = YES;
				CLANG_ENABLE_OBJC_WEAK = YES;
				CLANG_WARN_BLOCK_CAPTURE_AUTORELEASING = YES;
				CLANG_WARN_BOOL_CONVERSION = YES;
				CLANG_WARN_COMMA = YES;
				CLANG_WARN_CONSTANT_CONVERSION = YES;
				CLANG_WARN_DEPRECATED_OBJC_IMPLEMENTATIONS = YES;
				CLANG_WARN_DIRECT_OBJC_ISA_USAGE = YES_ERROR;
				CLANG_WARN_DOCUMENTATION_COMMENTS = YES;
				CLANG_WARN_EMPTY_BODY = YES;
				CLANG_WARN_ENUM_CONVERSION = YES;
				CLANG_WARN_INFINITE_RECURSION = YES;
				CLANG_WARN_INT_CONVERSION = YES;
				CLANG_WARN_NON_LITERAL_NULL_CONVERSION = YES;
				CLANG_WARN_OBJC_IMPLICIT_RETAIN_SELF = YES;
				CLANG_WARN_OBJC_LITERAL_CONVERSION = YES;
				CLANG_WARN_OBJC_ROOT_CLASS = YES_ERROR;
				CLANG_WARN_RANGE_LOOP_ANALYSIS = YES;
				CLANG_WARN_STRICT_PROTOTYPES = YES;
				CLANG_WARN_SUSPICIOUS_MOVE = YES;
				CLANG_WARN_UNGUARDED_AVAILABILITY = YES_AGGRESSIVE;
				CLANG_WARN_UNREACHABLE_CODE = YES;
				CLANG_WARN__DUPLICATE_METHOD_MATCH = YES;
				COPY_PHASE_STRIP = NO;
				DEBUG_INFORMATION_FORMAT = dwarf;
				ENABLE_STRICT_OBJC_MSGSEND = YES;
				ENABLE_TESTABILITY = YES;
				GCC_C_LANGUAGE_STANDARD = gnu11;
				GCC_DYNAMIC_NO_PIC = NO;
				GCC_NO_COMMON_BLOCKS = YES;
				GCC_OPTIMIZATION_LEVEL = 0;
				GCC_PREPROCESSOR_DEFINITIONS = (
					"DEBUG=1",
					"$(inherited)",
				);
				GCC_WARN_64_TO_32_BIT_CONVERSION = YES;
				GCC_WARN_ABOUT_RETURN_TYPE = YES_ERROR;
				GCC_WARN_UNDECLARED_SELECTOR = YES;
				GCC_WARN_UNINITIALIZED_AUTOS = YES_AGGRESSIVE;
				GCC_WARN_UNUSED_FUNCTION = YES;
				GCC_WARN_UNUSED_VARIABLE = YES;
				IPHONEOS_DEPLOYMENT_TARGET = 13.5;
				MTL_ENABLE_DEBUG_INFO = INCLUDE_SOURCE;
				MTL_FAST_MATH = YES;
				ONLY_ACTIVE_ARCH = YES;
				SDKROOT = iphoneos;
				SWIFT_ACTIVE_COMPILATION_CONDITIONS = DEBUG;
				SWIFT_OPTIMIZATION_LEVEL = "-Onone";
			};
			name = Debug;
		};
		5804536524AA28A20007294D /* Release */ = {
			isa = XCBuildConfiguration;
			buildSettings = {
				ALWAYS_SEARCH_USER_PATHS = NO;
				CLANG_ANALYZER_NONNULL = YES;
				CLANG_ANALYZER_NUMBER_OBJECT_CONVERSION = YES_AGGRESSIVE;
				CLANG_CXX_LANGUAGE_STANDARD = "gnu++14";
				CLANG_CXX_LIBRARY = "libc++";
				CLANG_ENABLE_MODULES = YES;
				CLANG_ENABLE_OBJC_ARC = YES;
				CLANG_ENABLE_OBJC_WEAK = YES;
				CLANG_WARN_BLOCK_CAPTURE_AUTORELEASING = YES;
				CLANG_WARN_BOOL_CONVERSION = YES;
				CLANG_WARN_COMMA = YES;
				CLANG_WARN_CONSTANT_CONVERSION = YES;
				CLANG_WARN_DEPRECATED_OBJC_IMPLEMENTATIONS = YES;
				CLANG_WARN_DIRECT_OBJC_ISA_USAGE = YES_ERROR;
				CLANG_WARN_DOCUMENTATION_COMMENTS = YES;
				CLANG_WARN_EMPTY_BODY = YES;
				CLANG_WARN_ENUM_CONVERSION = YES;
				CLANG_WARN_INFINITE_RECURSION = YES;
				CLANG_WARN_INT_CONVERSION = YES;
				CLANG_WARN_NON_LITERAL_NULL_CONVERSION = YES;
				CLANG_WARN_OBJC_IMPLICIT_RETAIN_SELF = YES;
				CLANG_WARN_OBJC_LITERAL_CONVERSION = YES;
				CLANG_WARN_OBJC_ROOT_CLASS = YES_ERROR;
				CLANG_WARN_RANGE_LOOP_ANALYSIS = YES;
				CLANG_WARN_STRICT_PROTOTYPES = YES;
				CLANG_WARN_SUSPICIOUS_MOVE = YES;
				CLANG_WARN_UNGUARDED_AVAILABILITY = YES_AGGRESSIVE;
				CLANG_WARN_UNREACHABLE_CODE = YES;
				CLANG_WARN__DUPLICATE_METHOD_MATCH = YES;
				COPY_PHASE_STRIP = NO;
				DEBUG_INFORMATION_FORMAT = "dwarf-with-dsym";
				ENABLE_NS_ASSERTIONS = NO;
				ENABLE_STRICT_OBJC_MSGSEND = YES;
				GCC_C_LANGUAGE_STANDARD = gnu11;
				GCC_NO_COMMON_BLOCKS = YES;
				GCC_WARN_64_TO_32_BIT_CONVERSION = YES;
				GCC_WARN_ABOUT_RETURN_TYPE = YES_ERROR;
				GCC_WARN_UNDECLARED_SELECTOR = YES;
				GCC_WARN_UNINITIALIZED_AUTOS = YES_AGGRESSIVE;
				GCC_WARN_UNUSED_FUNCTION = YES;
				GCC_WARN_UNUSED_VARIABLE = YES;
				IPHONEOS_DEPLOYMENT_TARGET = 13.5;
				MTL_ENABLE_DEBUG_INFO = NO;
				MTL_FAST_MATH = YES;
				SDKROOT = iphoneos;
				SWIFT_COMPILATION_MODE = wholemodule;
				SWIFT_OPTIMIZATION_LEVEL = "-O";
				VALIDATE_PRODUCT = YES;
			};
			name = Release;
		};
		5804536724AA28A20007294D /* Debug */ = {
			isa = XCBuildConfiguration;
			buildSettings = {
				ASSETCATALOG_COMPILER_APPICON_NAME = AppIcon;
				CODE_SIGN_STYLE = Automatic;
				DEVELOPMENT_ASSET_PATHS = "\"BucketList/Preview Content\"";
				DEVELOPMENT_TEAM = UD95GSGU6B;
				ENABLE_PREVIEWS = YES;
				INFOPLIST_FILE = BucketList/Info.plist;
				LD_RUNPATH_SEARCH_PATHS = (
					"$(inherited)",
					"@executable_path/Frameworks",
				);
				PRODUCT_BUNDLE_IDENTIFIER = essex.BucketList;
				PRODUCT_NAME = "$(TARGET_NAME)";
				SWIFT_VERSION = 5.0;
				TARGETED_DEVICE_FAMILY = "1,2";
			};
			name = Debug;
		};
		5804536824AA28A20007294D /* Release */ = {
			isa = XCBuildConfiguration;
			buildSettings = {
				ASSETCATALOG_COMPILER_APPICON_NAME = AppIcon;
				CODE_SIGN_STYLE = Automatic;
				DEVELOPMENT_ASSET_PATHS = "\"BucketList/Preview Content\"";
				DEVELOPMENT_TEAM = UD95GSGU6B;
				ENABLE_PREVIEWS = YES;
				INFOPLIST_FILE = BucketList/Info.plist;
				LD_RUNPATH_SEARCH_PATHS = (
					"$(inherited)",
					"@executable_path/Frameworks",
				);
				PRODUCT_BUNDLE_IDENTIFIER = essex.BucketList;
				PRODUCT_NAME = "$(TARGET_NAME)";
				SWIFT_VERSION = 5.0;
				TARGETED_DEVICE_FAMILY = "1,2";
			};
			name = Release;
		};
/* End XCBuildConfiguration section */

/* Begin XCConfigurationList section */
		5804534D24AA289D0007294D /* Build configuration list for PBXProject "BucketList" */ = {
			isa = XCConfigurationList;
			buildConfigurations = (
				5804536424AA28A20007294D /* Debug */,
				5804536524AA28A20007294D /* Release */,
			);
			defaultConfigurationIsVisible = 0;
			defaultConfigurationName = Release;
		};
		5804536624AA28A20007294D /* Build configuration list for PBXNativeTarget "BucketList" */ = {
			isa = XCConfigurationList;
			buildConfigurations = (
				5804536724AA28A20007294D /* Debug */,
				5804536824AA28A20007294D /* Release */,
			);
			defaultConfigurationIsVisible = 0;
			defaultConfigurationName = Release;
		};
/* End XCConfigurationList section */
	};
	rootObject = 5804534A24AA289D0007294D /* Project object */;
}
